// !$*UTF8*$!
{
	archiveVersion = 1;
	classes = {
	};
	objectVersion = 51;
	objects = {

/* Begin PBXBuildFile section */
		01826CAD758D774F49A174A5 /* Pods_I_Have_More_Money_ThanTests.framework in Frameworks */ = {isa = PBXBuildFile; fileRef = 04463E4B0FB97C50196EF556 /* Pods_I_Have_More_Money_ThanTests.framework */; };
		60B3E8692322FAB200C1F970 /* AppDelegate.swift in Sources */ = {isa = PBXBuildFile; fileRef = 60B3E8682322FAB200C1F970 /* AppDelegate.swift */; };
		60B3E86B2322FAB200C1F970 /* HomeViewController.swift in Sources */ = {isa = PBXBuildFile; fileRef = 60B3E86A2322FAB200C1F970 /* HomeViewController.swift */; };
		60B3E8702322FAB300C1F970 /* Assets.xcassets in Resources */ = {isa = PBXBuildFile; fileRef = 60B3E86F2322FAB300C1F970 /* Assets.xcassets */; };
		60B3E8732322FAB300C1F970 /* LaunchScreen.storyboard in Resources */ = {isa = PBXBuildFile; fileRef = 60B3E8712322FAB300C1F970 /* LaunchScreen.storyboard */; };
		60B3E87E2322FAB300C1F970 /* HomeViewControllerTests.swift in Sources */ = {isa = PBXBuildFile; fileRef = 60B3E87D2322FAB300C1F970 /* HomeViewControllerTests.swift */; };
		60B3E89B2323020200C1F970 /* BaseCell.swift in Sources */ = {isa = PBXBuildFile; fileRef = 60B3E89A2323020200C1F970 /* BaseCell.swift */; };
		60B3E89D232302AB00C1F970 /* AccountCell.swift in Sources */ = {isa = PBXBuildFile; fileRef = 60B3E89C232302AB00C1F970 /* AccountCell.swift */; };
		60B3E89F2323075800C1F970 /* Account.swift in Sources */ = {isa = PBXBuildFile; fileRef = 60B3E89E2323075800C1F970 /* Account.swift */; };
		60B3E8A2232309FC00C1F970 /* Helpers.swift in Sources */ = {isa = PBXBuildFile; fileRef = 60B3E8A1232309FC00C1F970 /* Helpers.swift */; };
		60B3E8A4232320D900C1F970 /* AccountDetailsViewController.swift in Sources */ = {isa = PBXBuildFile; fileRef = 60B3E8A3232320D900C1F970 /* AccountDetailsViewController.swift */; };
		60B3E8A823232F2F00C1F970 /* NetworkManager.swift in Sources */ = {isa = PBXBuildFile; fileRef = 60B3E8A723232F2F00C1F970 /* NetworkManager.swift */; };
		60B3E8AC2323F15E00C1F970 /* HeaderView.swift in Sources */ = {isa = PBXBuildFile; fileRef = 60B3E8AB2323F15E00C1F970 /* HeaderView.swift */; };
		60B3E8B0232432DA00C1F970 /* NetworkManagerTests.swift in Sources */ = {isa = PBXBuildFile; fileRef = 60B3E8AF232432DA00C1F970 /* NetworkManagerTests.swift */; };
		60B3E8BB23244F1900C1F970 /* ErrorCell.swift in Sources */ = {isa = PBXBuildFile; fileRef = 60B3E8BA23244F1900C1F970 /* ErrorCell.swift */; };
		93166BAD1814B3A644C32D41 /* Pods_I_Have_More_Money_Than.framework in Frameworks */ = {isa = PBXBuildFile; fileRef = 28626E9989DC4348BB51E724 /* Pods_I_Have_More_Money_Than.framework */; };
/* End PBXBuildFile section */

/* Begin PBXContainerItemProxy section */
		60B3E87A2322FAB300C1F970 /* PBXContainerItemProxy */ = {
			isa = PBXContainerItemProxy;
			containerPortal = 60B3E85D2322FAB200C1F970 /* Project object */;
			proxyType = 1;
			remoteGlobalIDString = 60B3E8642322FAB200C1F970;
			remoteInfo = "I Have More Money Than";
		};
/* End PBXContainerItemProxy section */

/* Begin PBXFileReference section */
		04463E4B0FB97C50196EF556 /* Pods_I_Have_More_Money_ThanTests.framework */ = {isa = PBXFileReference; explicitFileType = wrapper.framework; includeInIndex = 0; path = Pods_I_Have_More_Money_ThanTests.framework; sourceTree = BUILT_PRODUCTS_DIR; };
		0A1F1B8D6779D20BB5077727 /* Pods-I Have More Money ThanTests.debug.xcconfig */ = {isa = PBXFileReference; includeInIndex = 1; lastKnownFileType = text.xcconfig; name = "Pods-I Have More Money ThanTests.debug.xcconfig"; path = "Target Support Files/Pods-I Have More Money ThanTests/Pods-I Have More Money ThanTests.debug.xcconfig"; sourceTree = "<group>"; };
		28626E9989DC4348BB51E724 /* Pods_I_Have_More_Money_Than.framework */ = {isa = PBXFileReference; explicitFileType = wrapper.framework; includeInIndex = 0; path = Pods_I_Have_More_Money_Than.framework; sourceTree = BUILT_PRODUCTS_DIR; };
		54F3BDA99E80155EE46FD8B9 /* Pods-I Have More Money Than.release.xcconfig */ = {isa = PBXFileReference; includeInIndex = 1; lastKnownFileType = text.xcconfig; name = "Pods-I Have More Money Than.release.xcconfig"; path = "Target Support Files/Pods-I Have More Money Than/Pods-I Have More Money Than.release.xcconfig"; sourceTree = "<group>"; };
		60B3E8652322FAB200C1F970 /* I Have More Money Than.app */ = {isa = PBXFileReference; explicitFileType = wrapper.application; includeInIndex = 0; path = "I Have More Money Than.app"; sourceTree = BUILT_PRODUCTS_DIR; };
		60B3E8682322FAB200C1F970 /* AppDelegate.swift */ = {isa = PBXFileReference; lastKnownFileType = sourcecode.swift; path = AppDelegate.swift; sourceTree = "<group>"; };
		60B3E86A2322FAB200C1F970 /* HomeViewController.swift */ = {isa = PBXFileReference; lastKnownFileType = sourcecode.swift; path = HomeViewController.swift; sourceTree = "<group>"; };
		60B3E86F2322FAB300C1F970 /* Assets.xcassets */ = {isa = PBXFileReference; lastKnownFileType = folder.assetcatalog; path = Assets.xcassets; sourceTree = "<group>"; };
		60B3E8722322FAB300C1F970 /* Base */ = {isa = PBXFileReference; lastKnownFileType = file.storyboard; name = Base; path = Base.lproj/LaunchScreen.storyboard; sourceTree = "<group>"; };
		60B3E8742322FAB300C1F970 /* Info.plist */ = {isa = PBXFileReference; lastKnownFileType = text.plist.xml; path = Info.plist; sourceTree = "<group>"; };
		60B3E8792322FAB300C1F970 /* I Have More Money ThanTests.xctest */ = {isa = PBXFileReference; explicitFileType = wrapper.cfbundle; includeInIndex = 0; path = "I Have More Money ThanTests.xctest"; sourceTree = BUILT_PRODUCTS_DIR; };
		60B3E87D2322FAB300C1F970 /* HomeViewControllerTests.swift */ = {isa = PBXFileReference; lastKnownFileType = sourcecode.swift; path = HomeViewControllerTests.swift; sourceTree = "<group>"; };
		60B3E87F2322FAB300C1F970 /* Info.plist */ = {isa = PBXFileReference; lastKnownFileType = text.plist.xml; path = Info.plist; sourceTree = "<group>"; };
		60B3E89A2323020200C1F970 /* BaseCell.swift */ = {isa = PBXFileReference; lastKnownFileType = sourcecode.swift; path = BaseCell.swift; sourceTree = "<group>"; };
		60B3E89C232302AB00C1F970 /* AccountCell.swift */ = {isa = PBXFileReference; lastKnownFileType = sourcecode.swift; path = AccountCell.swift; sourceTree = "<group>"; };
		60B3E89E2323075800C1F970 /* Account.swift */ = {isa = PBXFileReference; lastKnownFileType = sourcecode.swift; path = Account.swift; sourceTree = "<group>"; };
		60B3E8A1232309FC00C1F970 /* Helpers.swift */ = {isa = PBXFileReference; lastKnownFileType = sourcecode.swift; path = Helpers.swift; sourceTree = "<group>"; };
		60B3E8A3232320D900C1F970 /* AccountDetailsViewController.swift */ = {isa = PBXFileReference; lastKnownFileType = sourcecode.swift; path = AccountDetailsViewController.swift; sourceTree = "<group>"; };
		60B3E8A723232F2F00C1F970 /* NetworkManager.swift */ = {isa = PBXFileReference; lastKnownFileType = sourcecode.swift; path = NetworkManager.swift; sourceTree = "<group>"; };
		60B3E8AB2323F15E00C1F970 /* HeaderView.swift */ = {isa = PBXFileReference; lastKnownFileType = sourcecode.swift; path = HeaderView.swift; sourceTree = "<group>"; };
		60B3E8AF232432DA00C1F970 /* NetworkManagerTests.swift */ = {isa = PBXFileReference; lastKnownFileType = sourcecode.swift; path = NetworkManagerTests.swift; sourceTree = "<group>"; };
		60B3E8BA23244F1900C1F970 /* ErrorCell.swift */ = {isa = PBXFileReference; lastKnownFileType = sourcecode.swift; path = ErrorCell.swift; sourceTree = "<group>"; };
		8EEE1C738856BA50F71ACADD /* Pods-I Have More Money ThanUITests.release.xcconfig */ = {isa = PBXFileReference; includeInIndex = 1; lastKnownFileType = text.xcconfig; name = "Pods-I Have More Money ThanUITests.release.xcconfig"; path = "Target Support Files/Pods-I Have More Money ThanUITests/Pods-I Have More Money ThanUITests.release.xcconfig"; sourceTree = "<group>"; };
		A5C196D9287695FFF061257D /* Pods-I Have More Money Than.debug.xcconfig */ = {isa = PBXFileReference; includeInIndex = 1; lastKnownFileType = text.xcconfig; name = "Pods-I Have More Money Than.debug.xcconfig"; path = "Target Support Files/Pods-I Have More Money Than/Pods-I Have More Money Than.debug.xcconfig"; sourceTree = "<group>"; };
		A774AD653FC4A0AE31000A6F /* Pods-I Have More Money ThanTests.release.xcconfig */ = {isa = PBXFileReference; includeInIndex = 1; lastKnownFileType = text.xcconfig; name = "Pods-I Have More Money ThanTests.release.xcconfig"; path = "Target Support Files/Pods-I Have More Money ThanTests/Pods-I Have More Money ThanTests.release.xcconfig"; sourceTree = "<group>"; };
		E978CEFE36186264014B3764 /* Pods_I_Have_More_Money_ThanUITests.framework */ = {isa = PBXFileReference; explicitFileType = wrapper.framework; includeInIndex = 0; path = Pods_I_Have_More_Money_ThanUITests.framework; sourceTree = BUILT_PRODUCTS_DIR; };
		EC86A7ADA8B109FE861322FD /* Pods-I Have More Money ThanUITests.debug.xcconfig */ = {isa = PBXFileReference; includeInIndex = 1; lastKnownFileType = text.xcconfig; name = "Pods-I Have More Money ThanUITests.debug.xcconfig"; path = "Target Support Files/Pods-I Have More Money ThanUITests/Pods-I Have More Money ThanUITests.debug.xcconfig"; sourceTree = "<group>"; };
/* End PBXFileReference section */

/* Begin PBXFrameworksBuildPhase section */
		60B3E8622322FAB200C1F970 /* Frameworks */ = {
			isa = PBXFrameworksBuildPhase;
			buildActionMask = 2147483647;
			files = (
				93166BAD1814B3A644C32D41 /* Pods_I_Have_More_Money_Than.framework in Frameworks */,
			);
			runOnlyForDeploymentPostprocessing = 0;
		};
		60B3E8762322FAB300C1F970 /* Frameworks */ = {
			isa = PBXFrameworksBuildPhase;
			buildActionMask = 2147483647;
			files = (
				01826CAD758D774F49A174A5 /* Pods_I_Have_More_Money_ThanTests.framework in Frameworks */,
			);
			runOnlyForDeploymentPostprocessing = 0;
		};
/* End PBXFrameworksBuildPhase section */

/* Begin PBXGroup section */
		60B3E85C2322FAB200C1F970 = {
			isa = PBXGroup;
			children = (
				60B3E8672322FAB200C1F970 /* I Have More Money Than */,
				60B3E87C2322FAB300C1F970 /* I Have More Money ThanTests */,
				60B3E8662322FAB200C1F970 /* Products */,
				9A7382408326E8AE85C7C2AE /* Pods */,
				B5044957619760DF60336494 /* Frameworks */,
			);
			sourceTree = "<group>";
		};
		60B3E8662322FAB200C1F970 /* Products */ = {
			isa = PBXGroup;
			children = (
				60B3E8652322FAB200C1F970 /* I Have More Money Than.app */,
				60B3E8792322FAB300C1F970 /* I Have More Money ThanTests.xctest */,
			);
			name = Products;
			sourceTree = "<group>";
		};
		60B3E8672322FAB200C1F970 /* I Have More Money Than */ = {
			isa = PBXGroup;
			children = (
				60B3E8682322FAB200C1F970 /* AppDelegate.swift */,
				60B3E86F2322FAB300C1F970 /* Assets.xcassets */,
				60B3E8712322FAB300C1F970 /* LaunchScreen.storyboard */,
				60B3E8742322FAB300C1F970 /* Info.plist */,
				60B3E898232301D200C1F970 /* Models */,
				60B3E897232301CE00C1F970 /* Views */,
				60B3E896232301C600C1F970 /* Controllers */,
				60B3E8A623232E7100C1F970 /* Networking */,
				60B3E8A0232309E300C1F970 /* Extensions */,
			);
			path = "I Have More Money Than";
			sourceTree = "<group>";
		};
		60B3E87C2322FAB300C1F970 /* I Have More Money ThanTests */ = {
			isa = PBXGroup;
			children = (
				60B3E87D2322FAB300C1F970 /* HomeViewControllerTests.swift */,
				60B3E8AF232432DA00C1F970 /* NetworkManagerTests.swift */,
				60B3E87F2322FAB300C1F970 /* Info.plist */,
			);
			path = "I Have More Money ThanTests";
			sourceTree = "<group>";
		};
		60B3E896232301C600C1F970 /* Controllers */ = {
			isa = PBXGroup;
			children = (
				60B3E86A2322FAB200C1F970 /* HomeViewController.swift */,
				60B3E8A3232320D900C1F970 /* AccountDetailsViewController.swift */,
			);
			path = Controllers;
			sourceTree = "<group>";
		};
		60B3E897232301CE00C1F970 /* Views */ = {
			isa = PBXGroup;
			children = (
				60B3E899232301F200C1F970 /* Cells */,
				60B3E8AB2323F15E00C1F970 /* HeaderView.swift */,
			);
			path = Views;
			sourceTree = "<group>";
		};
		60B3E898232301D200C1F970 /* Models */ = {
			isa = PBXGroup;
			children = (
				60B3E89E2323075800C1F970 /* Account.swift */,
			);
			path = Models;
			sourceTree = "<group>";
		};
		60B3E899232301F200C1F970 /* Cells */ = {
			isa = PBXGroup;
			children = (
				60B3E89A2323020200C1F970 /* BaseCell.swift */,
				60B3E89C232302AB00C1F970 /* AccountCell.swift */,
				60B3E8BA23244F1900C1F970 /* ErrorCell.swift */,
			);
			path = Cells;
			sourceTree = "<group>";
		};
		60B3E8A0232309E300C1F970 /* Extensions */ = {
			isa = PBXGroup;
			children = (
				60B3E8A1232309FC00C1F970 /* Helpers.swift */,
			);
			path = Extensions;
			sourceTree = "<group>";
		};
		60B3E8A623232E7100C1F970 /* Networking */ = {
			isa = PBXGroup;
			children = (
				60B3E8A723232F2F00C1F970 /* NetworkManager.swift */,
			);
			path = Networking;
			sourceTree = "<group>";
		};
		9A7382408326E8AE85C7C2AE /* Pods */ = {
			isa = PBXGroup;
			children = (
				A5C196D9287695FFF061257D /* Pods-I Have More Money Than.debug.xcconfig */,
				54F3BDA99E80155EE46FD8B9 /* Pods-I Have More Money Than.release.xcconfig */,
				0A1F1B8D6779D20BB5077727 /* Pods-I Have More Money ThanTests.debug.xcconfig */,
				A774AD653FC4A0AE31000A6F /* Pods-I Have More Money ThanTests.release.xcconfig */,
				EC86A7ADA8B109FE861322FD /* Pods-I Have More Money ThanUITests.debug.xcconfig */,
				8EEE1C738856BA50F71ACADD /* Pods-I Have More Money ThanUITests.release.xcconfig */,
			);
			path = Pods;
			sourceTree = "<group>";
		};
		B5044957619760DF60336494 /* Frameworks */ = {
			isa = PBXGroup;
			children = (
				28626E9989DC4348BB51E724 /* Pods_I_Have_More_Money_Than.framework */,
				04463E4B0FB97C50196EF556 /* Pods_I_Have_More_Money_ThanTests.framework */,
				E978CEFE36186264014B3764 /* Pods_I_Have_More_Money_ThanUITests.framework */,
			);
			name = Frameworks;
			sourceTree = "<group>";
		};
/* End PBXGroup section */

/* Begin PBXNativeTarget section */
		60B3E8642322FAB200C1F970 /* I Have More Money Than */ = {
			isa = PBXNativeTarget;
			buildConfigurationList = 60B3E88D2322FAB300C1F970 /* Build configuration list for PBXNativeTarget "I Have More Money Than" */;
			buildPhases = (
				77F1ED8978D2A439DBF57F1F /* [CP] Check Pods Manifest.lock */,
				60B3E8612322FAB200C1F970 /* Sources */,
				60B3E8622322FAB200C1F970 /* Frameworks */,
				60B3E8632322FAB200C1F970 /* Resources */,
				40DC3BDD2CCD01950ECD27E0 /* [CP] Embed Pods Frameworks */,
			);
			buildRules = (
			);
			dependencies = (
			);
			name = "I Have More Money Than";
			productName = "I Have More Money Than";
			productReference = 60B3E8652322FAB200C1F970 /* I Have More Money Than.app */;
			productType = "com.apple.product-type.application";
		};
		60B3E8782322FAB300C1F970 /* I Have More Money ThanTests */ = {
			isa = PBXNativeTarget;
			buildConfigurationList = 60B3E8902322FAB300C1F970 /* Build configuration list for PBXNativeTarget "I Have More Money ThanTests" */;
			buildPhases = (
				DAC6B6199F059F9B9B79932A /* [CP] Check Pods Manifest.lock */,
				60B3E8752322FAB300C1F970 /* Sources */,
				60B3E8762322FAB300C1F970 /* Frameworks */,
				60B3E8772322FAB300C1F970 /* Resources */,
			);
			buildRules = (
			);
			dependencies = (
				60B3E87B2322FAB300C1F970 /* PBXTargetDependency */,
			);
			name = "I Have More Money ThanTests";
			productName = "I Have More Money ThanTests";
			productReference = 60B3E8792322FAB300C1F970 /* I Have More Money ThanTests.xctest */;
			productType = "com.apple.product-type.bundle.unit-test";
		};
/* End PBXNativeTarget section */

/* Begin PBXProject section */
		60B3E85D2322FAB200C1F970 /* Project object */ = {
			isa = PBXProject;
			attributes = {
				LastSwiftUpdateCheck = 1030;
				LastUpgradeCheck = 1030;
				ORGANIZATIONNAME = "Scott Clampet";
				TargetAttributes = {
					60B3E8642322FAB200C1F970 = {
						CreatedOnToolsVersion = 10.3;
					};
					60B3E8782322FAB300C1F970 = {
						CreatedOnToolsVersion = 10.3;
						TestTargetID = 60B3E8642322FAB200C1F970;
					};
				};
			};
			buildConfigurationList = 60B3E8602322FAB200C1F970 /* Build configuration list for PBXProject "I Have More Money Than" */;
			compatibilityVersion = "Xcode 9.3";
			developmentRegion = en;
			hasScannedForEncodings = 0;
			knownRegions = (
				en,
				Base,
			);
			mainGroup = 60B3E85C2322FAB200C1F970;
			productRefGroup = 60B3E8662322FAB200C1F970 /* Products */;
			projectDirPath = "";
			projectRoot = "";
			targets = (
				60B3E8642322FAB200C1F970 /* I Have More Money Than */,
				60B3E8782322FAB300C1F970 /* I Have More Money ThanTests */,
			);
		};
/* End PBXProject section */

/* Begin PBXResourcesBuildPhase section */
		60B3E8632322FAB200C1F970 /* Resources */ = {
			isa = PBXResourcesBuildPhase;
			buildActionMask = 2147483647;
			files = (
				60B3E8732322FAB300C1F970 /* LaunchScreen.storyboard in Resources */,
				60B3E8702322FAB300C1F970 /* Assets.xcassets in Resources */,
			);
			runOnlyForDeploymentPostprocessing = 0;
		};
		60B3E8772322FAB300C1F970 /* Resources */ = {
			isa = PBXResourcesBuildPhase;
			buildActionMask = 2147483647;
			files = (
			);
			runOnlyForDeploymentPostprocessing = 0;
		};
/* End PBXResourcesBuildPhase section */

/* Begin PBXShellScriptBuildPhase section */
		40DC3BDD2CCD01950ECD27E0 /* [CP] Embed Pods Frameworks */ = {
			isa = PBXShellScriptBuildPhase;
			buildActionMask = 2147483647;
			files = (
			);
			inputFileListPaths = (
				"${PODS_ROOT}/Target Support Files/Pods-I Have More Money Than/Pods-I Have More Money Than-frameworks-${CONFIGURATION}-input-files.xcfilelist",
			);
			name = "[CP] Embed Pods Frameworks";
			outputFileListPaths = (
				"${PODS_ROOT}/Target Support Files/Pods-I Have More Money Than/Pods-I Have More Money Than-frameworks-${CONFIGURATION}-output-files.xcfilelist",
			);
			runOnlyForDeploymentPostprocessing = 0;
			shellPath = /bin/sh;
			shellScript = "\"${PODS_ROOT}/Target Support Files/Pods-I Have More Money Than/Pods-I Have More Money Than-frameworks.sh\"\n";
			showEnvVarsInLog = 0;
		};
		77F1ED8978D2A439DBF57F1F /* [CP] Check Pods Manifest.lock */ = {
			isa = PBXShellScriptBuildPhase;
			buildActionMask = 2147483647;
			files = (
			);
			inputFileListPaths = (
			);
			inputPaths = (
				"${PODS_PODFILE_DIR_PATH}/Podfile.lock",
				"${PODS_ROOT}/Manifest.lock",
			);
			name = "[CP] Check Pods Manifest.lock";
			outputFileListPaths = (
			);
			outputPaths = (
				"$(DERIVED_FILE_DIR)/Pods-I Have More Money Than-checkManifestLockResult.txt",
			);
			runOnlyForDeploymentPostprocessing = 0;
			shellPath = /bin/sh;
			shellScript = "diff \"${PODS_PODFILE_DIR_PATH}/Podfile.lock\" \"${PODS_ROOT}/Manifest.lock\" > /dev/null\nif [ $? != 0 ] ; then\n    # print error to STDERR\n    echo \"error: The sandbox is not in sync with the Podfile.lock. Run 'pod install' or update your CocoaPods installation.\" >&2\n    exit 1\nfi\n# This output is used by Xcode 'outputs' to avoid re-running this script phase.\necho \"SUCCESS\" > \"${SCRIPT_OUTPUT_FILE_0}\"\n";
			showEnvVarsInLog = 0;
		};
		DAC6B6199F059F9B9B79932A /* [CP] Check Pods Manifest.lock */ = {
			isa = PBXShellScriptBuildPhase;
			buildActionMask = 2147483647;
			files = (
			);
			inputFileListPaths = (
			);
			inputPaths = (
				"${PODS_PODFILE_DIR_PATH}/Podfile.lock",
				"${PODS_ROOT}/Manifest.lock",
			);
			name = "[CP] Check Pods Manifest.lock";
			outputFileListPaths = (
			);
			outputPaths = (
				"$(DERIVED_FILE_DIR)/Pods-I Have More Money ThanTests-checkManifestLockResult.txt",
			);
			runOnlyForDeploymentPostprocessing = 0;
			shellPath = /bin/sh;
			shellScript = "diff \"${PODS_PODFILE_DIR_PATH}/Podfile.lock\" \"${PODS_ROOT}/Manifest.lock\" > /dev/null\nif [ $? != 0 ] ; then\n    # print error to STDERR\n    echo \"error: The sandbox is not in sync with the Podfile.lock. Run 'pod install' or update your CocoaPods installation.\" >&2\n    exit 1\nfi\n# This output is used by Xcode 'outputs' to avoid re-running this script phase.\necho \"SUCCESS\" > \"${SCRIPT_OUTPUT_FILE_0}\"\n";
			showEnvVarsInLog = 0;
		};
/* End PBXShellScriptBuildPhase section */

/* Begin PBXSourcesBuildPhase section */
		60B3E8612322FAB200C1F970 /* Sources */ = {
			isa = PBXSourcesBuildPhase;
			buildActionMask = 2147483647;
			files = (
				60B3E89F2323075800C1F970 /* Account.swift in Sources */,
				60B3E8AC2323F15E00C1F970 /* HeaderView.swift in Sources */,
				60B3E8A4232320D900C1F970 /* AccountDetailsViewController.swift in Sources */,
				60B3E8A2232309FC00C1F970 /* Helpers.swift in Sources */,
				60B3E86B2322FAB200C1F970 /* HomeViewController.swift in Sources */,
				60B3E89D232302AB00C1F970 /* AccountCell.swift in Sources */,
				60B3E8A823232F2F00C1F970 /* NetworkManager.swift in Sources */,
				60B3E89B2323020200C1F970 /* BaseCell.swift in Sources */,
				60B3E8BB23244F1900C1F970 /* ErrorCell.swift in Sources */,
				60B3E8692322FAB200C1F970 /* AppDelegate.swift in Sources */,
			);
			runOnlyForDeploymentPostprocessing = 0;
		};
		60B3E8752322FAB300C1F970 /* Sources */ = {
			isa = PBXSourcesBuildPhase;
			buildActionMask = 2147483647;
			files = (
				60B3E8B0232432DA00C1F970 /* NetworkManagerTests.swift in Sources */,
				60B3E87E2322FAB300C1F970 /* HomeViewControllerTests.swift in Sources */,
			);
			runOnlyForDeploymentPostprocessing = 0;
		};
/* End PBXSourcesBuildPhase section */

/* Begin PBXTargetDependency section */
		60B3E87B2322FAB300C1F970 /* PBXTargetDependency */ = {
			isa = PBXTargetDependency;
			target = 60B3E8642322FAB200C1F970 /* I Have More Money Than */;
			targetProxy = 60B3E87A2322FAB300C1F970 /* PBXContainerItemProxy */;
		};
/* End PBXTargetDependency section */

/* Begin PBXVariantGroup section */
		60B3E8712322FAB300C1F970 /* LaunchScreen.storyboard */ = {
			isa = PBXVariantGroup;
			children = (
				60B3E8722322FAB300C1F970 /* Base */,
			);
			name = LaunchScreen.storyboard;
			sourceTree = "<group>";
		};
/* End PBXVariantGroup section */

/* Begin XCBuildConfiguration section */
		60B3E88B2322FAB300C1F970 /* Debug */ = {
			isa = XCBuildConfiguration;
			buildSettings = {
				ALWAYS_SEARCH_USER_PATHS = NO;
				CLANG_ANALYZER_NONNULL = YES;
				CLANG_ANALYZER_NUMBER_OBJECT_CONVERSION = YES_AGGRESSIVE;
				CLANG_CXX_LANGUAGE_STANDARD = "gnu++14";
				CLANG_CXX_LIBRARY = "libc++";
				CLANG_ENABLE_MODULES = YES;
				CLANG_ENABLE_OBJC_ARC = YES;
				CLANG_ENABLE_OBJC_WEAK = YES;
				CLANG_WARN_BLOCK_CAPTURE_AUTORELEASING = YES;
				CLANG_WARN_BOOL_CONVERSION = YES;
				CLANG_WARN_COMMA = YES;
				CLANG_WARN_CONSTANT_CONVERSION = YES;
				CLANG_WARN_DEPRECATED_OBJC_IMPLEMENTATIONS = YES;
				CLANG_WARN_DIRECT_OBJC_ISA_USAGE = YES_ERROR;
				CLANG_WARN_DOCUMENTATION_COMMENTS = YES;
				CLANG_WARN_EMPTY_BODY = YES;
				CLANG_WARN_ENUM_CONVERSION = YES;
				CLANG_WARN_INFINITE_RECURSION = YES;
				CLANG_WARN_INT_CONVERSION = YES;
				CLANG_WARN_NON_LITERAL_NULL_CONVERSION = YES;
				CLANG_WARN_OBJC_IMPLICIT_RETAIN_SELF = YES;
				CLANG_WARN_OBJC_LITERAL_CONVERSION = YES;
				CLANG_WARN_OBJC_ROOT_CLASS = YES_ERROR;
				CLANG_WARN_RANGE_LOOP_ANALYSIS = YES;
				CLANG_WARN_STRICT_PROTOTYPES = YES;
				CLANG_WARN_SUSPICIOUS_MOVE = YES;
				CLANG_WARN_UNGUARDED_AVAILABILITY = YES_AGGRESSIVE;
				CLANG_WARN_UNREACHABLE_CODE = YES;
				CLANG_WARN__DUPLICATE_METHOD_MATCH = YES;
				CODE_SIGN_IDENTITY = "iPhone Developer";
				COPY_PHASE_STRIP = NO;
				DEBUG_INFORMATION_FORMAT = dwarf;
				ENABLE_STRICT_OBJC_MSGSEND = YES;
				ENABLE_TESTABILITY = YES;
				GCC_C_LANGUAGE_STANDARD = gnu11;
				GCC_DYNAMIC_NO_PIC = NO;
				GCC_NO_COMMON_BLOCKS = YES;
				GCC_OPTIMIZATION_LEVEL = 0;
				GCC_PREPROCESSOR_DEFINITIONS = (
					"DEBUG=1",
					"$(inherited)",
				);
				GCC_WARN_64_TO_32_BIT_CONVERSION = YES;
				GCC_WARN_ABOUT_RETURN_TYPE = YES_ERROR;
				GCC_WARN_UNDECLARED_SELECTOR = YES;
				GCC_WARN_UNINITIALIZED_AUTOS = YES_AGGRESSIVE;
				GCC_WARN_UNUSED_FUNCTION = YES;
				GCC_WARN_UNUSED_VARIABLE = YES;
				IPHONEOS_DEPLOYMENT_TARGET = 12.4;
				MTL_ENABLE_DEBUG_INFO = INCLUDE_SOURCE;
				MTL_FAST_MATH = YES;
				ONLY_ACTIVE_ARCH = YES;
				SDKROOT = iphoneos;
				SWIFT_ACTIVE_COMPILATION_CONDITIONS = DEBUG;
				SWIFT_OPTIMIZATION_LEVEL = "-Onone";
			};
			name = Debug;
		};
		60B3E88C2322FAB300C1F970 /* Release */ = {
			isa = XCBuildConfiguration;
			buildSettings = {
				ALWAYS_SEARCH_USER_PATHS = NO;
				CLANG_ANALYZER_NONNULL = YES;
				CLANG_ANALYZER_NUMBER_OBJECT_CONVERSION = YES_AGGRESSIVE;
				CLANG_CXX_LANGUAGE_STANDARD = "gnu++14";
				CLANG_CXX_LIBRARY = "libc++";
				CLANG_ENABLE_MODULES = YES;
				CLANG_ENABLE_OBJC_ARC = YES;
				CLANG_ENABLE_OBJC_WEAK = YES;
				CLANG_WARN_BLOCK_CAPTURE_AUTORELEASING = YES;
				CLANG_WARN_BOOL_CONVERSION = YES;
				CLANG_WARN_COMMA = YES;
				CLANG_WARN_CONSTANT_CONVERSION = YES;
				CLANG_WARN_DEPRECATED_OBJC_IMPLEMENTATIONS = YES;
				CLANG_WARN_DIRECT_OBJC_ISA_USAGE = YES_ERROR;
				CLANG_WARN_DOCUMENTATION_COMMENTS = YES;
				CLANG_WARN_EMPTY_BODY = YES;
				CLANG_WARN_ENUM_CONVERSION = YES;
				CLANG_WARN_INFINITE_RECURSION = YES;
				CLANG_WARN_INT_CONVERSION = YES;
				CLANG_WARN_NON_LITERAL_NULL_CONVERSION = YES;
				CLANG_WARN_OBJC_IMPLICIT_RETAIN_SELF = YES;
				CLANG_WARN_OBJC_LITERAL_CONVERSION = YES;
				CLANG_WARN_OBJC_ROOT_CLASS = YES_ERROR;
				CLANG_WARN_RANGE_LOOP_ANALYSIS = YES;
				CLANG_WARN_STRICT_PROTOTYPES = YES;
				CLANG_WARN_SUSPICIOUS_MOVE = YES;
				CLANG_WARN_UNGUARDED_AVAILABILITY = YES_AGGRESSIVE;
				CLANG_WARN_UNREACHABLE_CODE = YES;
				CLANG_WARN__DUPLICATE_METHOD_MATCH = YES;
				CODE_SIGN_IDENTITY = "iPhone Developer";
				COPY_PHASE_STRIP = NO;
				DEBUG_INFORMATION_FORMAT = "dwarf-with-dsym";
				ENABLE_NS_ASSERTIONS = NO;
				ENABLE_STRICT_OBJC_MSGSEND = YES;
				GCC_C_LANGUAGE_STANDARD = gnu11;
				GCC_NO_COMMON_BLOCKS = YES;
				GCC_WARN_64_TO_32_BIT_CONVERSION = YES;
				GCC_WARN_ABOUT_RETURN_TYPE = YES_ERROR;
				GCC_WARN_UNDECLARED_SELECTOR = YES;
				GCC_WARN_UNINITIALIZED_AUTOS = YES_AGGRESSIVE;
				GCC_WARN_UNUSED_FUNCTION = YES;
				GCC_WARN_UNUSED_VARIABLE = YES;
				IPHONEOS_DEPLOYMENT_TARGET = 12.4;
				MTL_ENABLE_DEBUG_INFO = NO;
				MTL_FAST_MATH = YES;
				SDKROOT = iphoneos;
				SWIFT_COMPILATION_MODE = wholemodule;
				SWIFT_OPTIMIZATION_LEVEL = "-O";
				VALIDATE_PRODUCT = YES;
			};
			name = Release;
		};
		60B3E88E2322FAB300C1F970 /* Debug */ = {
			isa = XCBuildConfiguration;
			baseConfigurationReference = A5C196D9287695FFF061257D /* Pods-I Have More Money Than.debug.xcconfig */;
			buildSettings = {
				ASSETCATALOG_COMPILER_APPICON_NAME = AppIcon;
				CODE_SIGN_STYLE = Automatic;
				DEVELOPMENT_TEAM = USHAX9R325;
				INFOPLIST_FILE = "I Have More Money Than/Info.plist";
				LD_RUNPATH_SEARCH_PATHS = (
					"$(inherited)",
					"@executable_path/Frameworks",
				);
				PRODUCT_BUNDLE_IDENTIFIER = "com.ScottClampet.I-Have-More-Money-Than";
				PRODUCT_NAME = "$(TARGET_NAME)";
				SWIFT_VERSION = 5.0;
				TARGETED_DEVICE_FAMILY = "1,2";
			};
			name = Debug;
		};
		60B3E88F2322FAB300C1F970 /* Release */ = {
			isa = XCBuildConfiguration;
			baseConfigurationReference = 54F3BDA99E80155EE46FD8B9 /* Pods-I Have More Money Than.release.xcconfig */;
			buildSettings = {
				ASSETCATALOG_COMPILER_APPICON_NAME = AppIcon;
				CODE_SIGN_STYLE = Automatic;
				DEVELOPMENT_TEAM = USHAX9R325;
				INFOPLIST_FILE = "I Have More Money Than/Info.plist";
				LD_RUNPATH_SEARCH_PATHS = (
					"$(inherited)",
					"@executable_path/Frameworks",
				);
				PRODUCT_BUNDLE_IDENTIFIER = "com.ScottClampet.I-Have-More-Money-Than";
				PRODUCT_NAME = "$(TARGET_NAME)";
				SWIFT_VERSION = 5.0;
				TARGETED_DEVICE_FAMILY = "1,2";
			};
			name = Release;
		};
		60B3E8912322FAB300C1F970 /* Debug */ = {
			isa = XCBuildConfiguration;
			baseConfigurationReference = 0A1F1B8D6779D20BB5077727 /* Pods-I Have More Money ThanTests.debug.xcconfig */;
			buildSettings = {
				ALWAYS_EMBED_SWIFT_STANDARD_LIBRARIES = YES;
				BUNDLE_LOADER = "$(TEST_HOST)";
				CODE_SIGN_STYLE = Automatic;
				DEVELOPMENT_TEAM = USHAX9R325;
				INFOPLIST_FILE = "I Have More Money ThanTests/Info.plist";
				LD_RUNPATH_SEARCH_PATHS = (
					"$(inherited)",
					"@executable_path/Frameworks",
					"@loader_path/Frameworks",
				);
				PRODUCT_BUNDLE_IDENTIFIER = "com.ScottClampet.I-Have-More-Money-ThanTests";
				PRODUCT_NAME = "$(TARGET_NAME)";
				SWIFT_VERSION = 5.0;
				TARGETED_DEVICE_FAMILY = "1,2";
				TEST_HOST = "$(BUILT_PRODUCTS_DIR)/I Have More Money Than.app/I Have More Money Than";
			};
			name = Debug;
		};
		60B3E8922322FAB300C1F970 /* Release */ = {
			isa = XCBuildConfiguration;
			baseConfigurationReference = A774AD653FC4A0AE31000A6F /* Pods-I Have More Money ThanTests.release.xcconfig */;
			buildSettings = {
				ALWAYS_EMBED_SWIFT_STANDARD_LIBRARIES = YES;
				BUNDLE_LOADER = "$(TEST_HOST)";
				CODE_SIGN_STYLE = Automatic;
				DEVELOPMENT_TEAM = USHAX9R325;
				INFOPLIST_FILE = "I Have More Money ThanTests/Info.plist";
				LD_RUNPATH_SEARCH_PATHS = (
					"$(inherited)",
					"@executable_path/Frameworks",
					"@loader_path/Frameworks",
				);
				PRODUCT_BUNDLE_IDENTIFIER = "com.ScottClampet.I-Have-More-Money-ThanTests";
				PRODUCT_NAME = "$(TARGET_NAME)";
				SWIFT_VERSION = 5.0;
				TARGETED_DEVICE_FAMILY = "1,2";
				TEST_HOST = "$(BUILT_PRODUCTS_DIR)/I Have More Money Than.app/I Have More Money Than";
			};
			name = Release;
		};
/* End XCBuildConfiguration section */

/* Begin XCConfigurationList section */
		60B3E8602322FAB200C1F970 /* Build configuration list for PBXProject "I Have More Money Than" */ = {
			isa = XCConfigurationList;
			buildConfigurations = (
				60B3E88B2322FAB300C1F970 /* Debug */,
				60B3E88C2322FAB300C1F970 /* Release */,
			);
			defaultConfigurationIsVisible = 0;
			defaultConfigurationName = Release;
		};
		60B3E88D2322FAB300C1F970 /* Build configuration list for PBXNativeTarget "I Have More Money Than" */ = {
			isa = XCConfigurationList;
			buildConfigurations = (
				60B3E88E2322FAB300C1F970 /* Debug */,
				60B3E88F2322FAB300C1F970 /* Release */,
			);
			defaultConfigurationIsVisible = 0;
			defaultConfigurationName = Release;
		};
		60B3E8902322FAB300C1F970 /* Build configuration list for PBXNativeTarget "I Have More Money ThanTests" */ = {
			isa = XCConfigurationList;
			buildConfigurations = (
				60B3E8912322FAB300C1F970 /* Debug */,
				60B3E8922322FAB300C1F970 /* Release */,
			);
			defaultConfigurationIsVisible = 0;
			defaultConfigurationName = Release;
		};
/* End XCConfigurationList section */
	};
	rootObject = 60B3E85D2322FAB200C1F970 /* Project object */;
}
