// !$*UTF8*$!
{
	archiveVersion = 1;
	classes = {
	};
	objectVersion = 50;
	objects = {

/* Begin PBXBuildFile section */
		60B3E8692322FAB200C1F970 /* AppDelegate.swift in Sources */ = {isa = PBXBuildFile; fileRef = 60B3E8682322FAB200C1F970 /* AppDelegate.swift */; };
		60B3E86B2322FAB200C1F970 /* HomeViewController.swift in Sources */ = {isa = PBXBuildFile; fileRef = 60B3E86A2322FAB200C1F970 /* HomeViewController.swift */; };
		60B3E8702322FAB300C1F970 /* Assets.xcassets in Resources */ = {isa = PBXBuildFile; fileRef = 60B3E86F2322FAB300C1F970 /* Assets.xcassets */; };
		60B3E8732322FAB300C1F970 /* LaunchScreen.storyboard in Resources */ = {isa = PBXBuildFile; fileRef = 60B3E8712322FAB300C1F970 /* LaunchScreen.storyboard */; };
		60B3E87E2322FAB300C1F970 /* I_Have_More_Money_ThanTests.swift in Sources */ = {isa = PBXBuildFile; fileRef = 60B3E87D2322FAB300C1F970 /* I_Have_More_Money_ThanTests.swift */; };
		60B3E8892322FAB300C1F970 /* I_Have_More_Money_ThanUITests.swift in Sources */ = {isa = PBXBuildFile; fileRef = 60B3E8882322FAB300C1F970 /* I_Have_More_Money_ThanUITests.swift */; };
		60B3E89B2323020200C1F970 /* BaseCell.swift in Sources */ = {isa = PBXBuildFile; fileRef = 60B3E89A2323020200C1F970 /* BaseCell.swift */; };
		60B3E89D232302AB00C1F970 /* AccountCell.swift in Sources */ = {isa = PBXBuildFile; fileRef = 60B3E89C232302AB00C1F970 /* AccountCell.swift */; };
		60B3E89F2323075800C1F970 /* Account.swift in Sources */ = {isa = PBXBuildFile; fileRef = 60B3E89E2323075800C1F970 /* Account.swift */; };
/* End PBXBuildFile section */

/* Begin PBXContainerItemProxy section */
		60B3E87A2322FAB300C1F970 /* PBXContainerItemProxy */ = {
			isa = PBXContainerItemProxy;
			containerPortal = 60B3E85D2322FAB200C1F970 /* Project object */;
			proxyType = 1;
			remoteGlobalIDString = 60B3E8642322FAB200C1F970;
			remoteInfo = "I Have More Money Than";
		};
		60B3E8852322FAB300C1F970 /* PBXContainerItemProxy */ = {
			isa = PBXContainerItemProxy;
			containerPortal = 60B3E85D2322FAB200C1F970 /* Project object */;
			proxyType = 1;
			remoteGlobalIDString = 60B3E8642322FAB200C1F970;
			remoteInfo = "I Have More Money Than";
		};
/* End PBXContainerItemProxy section */

/* Begin PBXFileReference section */
		60B3E8652322FAB200C1F970 /* I Have More Money Than.app */ = {isa = PBXFileReference; explicitFileType = wrapper.application; includeInIndex = 0; path = "I Have More Money Than.app"; sourceTree = BUILT_PRODUCTS_DIR; };
		60B3E8682322FAB200C1F970 /* AppDelegate.swift */ = {isa = PBXFileReference; lastKnownFileType = sourcecode.swift; path = AppDelegate.swift; sourceTree = "<group>"; };
		60B3E86A2322FAB200C1F970 /* HomeViewController.swift */ = {isa = PBXFileReference; lastKnownFileType = sourcecode.swift; path = HomeViewController.swift; sourceTree = "<group>"; };
		60B3E86F2322FAB300C1F970 /* Assets.xcassets */ = {isa = PBXFileReference; lastKnownFileType = folder.assetcatalog; path = Assets.xcassets; sourceTree = "<group>"; };
		60B3E8722322FAB300C1F970 /* Base */ = {isa = PBXFileReference; lastKnownFileType = file.storyboard; name = Base; path = Base.lproj/LaunchScreen.storyboard; sourceTree = "<group>"; };
		60B3E8742322FAB300C1F970 /* Info.plist */ = {isa = PBXFileReference; lastKnownFileType = text.plist.xml; path = Info.plist; sourceTree = "<group>"; };
		60B3E8792322FAB300C1F970 /* I Have More Money ThanTests.xctest */ = {isa = PBXFileReference; explicitFileType = wrapper.cfbundle; includeInIndex = 0; path = "I Have More Money ThanTests.xctest"; sourceTree = BUILT_PRODUCTS_DIR; };
		60B3E87D2322FAB300C1F970 /* I_Have_More_Money_ThanTests.swift */ = {isa = PBXFileReference; lastKnownFileType = sourcecode.swift; path = I_Have_More_Money_ThanTests.swift; sourceTree = "<group>"; };
		60B3E87F2322FAB300C1F970 /* Info.plist */ = {isa = PBXFileReference; lastKnownFileType = text.plist.xml; path = Info.plist; sourceTree = "<group>"; };
		60B3E8842322FAB300C1F970 /* I Have More Money ThanUITests.xctest */ = {isa = PBXFileReference; explicitFileType = wrapper.cfbundle; includeInIndex = 0; path = "I Have More Money ThanUITests.xctest"; sourceTree = BUILT_PRODUCTS_DIR; };
		60B3E8882322FAB300C1F970 /* I_Have_More_Money_ThanUITests.swift */ = {isa = PBXFileReference; lastKnownFileType = sourcecode.swift; path = I_Have_More_Money_ThanUITests.swift; sourceTree = "<group>"; };
		60B3E88A2322FAB300C1F970 /* Info.plist */ = {isa = PBXFileReference; lastKnownFileType = text.plist.xml; path = Info.plist; sourceTree = "<group>"; };
		60B3E89A2323020200C1F970 /* BaseCell.swift */ = {isa = PBXFileReference; lastKnownFileType = sourcecode.swift; path = BaseCell.swift; sourceTree = "<group>"; };
		60B3E89C232302AB00C1F970 /* AccountCell.swift */ = {isa = PBXFileReference; lastKnownFileType = sourcecode.swift; path = AccountCell.swift; sourceTree = "<group>"; };
		60B3E89E2323075800C1F970 /* Account.swift */ = {isa = PBXFileReference; lastKnownFileType = sourcecode.swift; path = Account.swift; sourceTree = "<group>"; };
/* End PBXFileReference section */

/* Begin PBXFrameworksBuildPhase section */
		60B3E8622322FAB200C1F970 /* Frameworks */ = {
			isa = PBXFrameworksBuildPhase;
			buildActionMask = 2147483647;
			files = (
			);
			runOnlyForDeploymentPostprocessing = 0;
		};
		60B3E8762322FAB300C1F970 /* Frameworks */ = {
			isa = PBXFrameworksBuildPhase;
			buildActionMask = 2147483647;
			files = (
			);
			runOnlyForDeploymentPostprocessing = 0;
		};
		60B3E8812322FAB300C1F970 /* Frameworks */ = {
			isa = PBXFrameworksBuildPhase;
			buildActionMask = 2147483647;
			files = (
			);
			runOnlyForDeploymentPostprocessing = 0;
		};
/* End PBXFrameworksBuildPhase section */

/* Begin PBXGroup section */
		60B3E85C2322FAB200C1F970 = {
			isa = PBXGroup;
			children = (
				60B3E8672322FAB200C1F970 /* I Have More Money Than */,
				60B3E87C2322FAB300C1F970 /* I Have More Money ThanTests */,
				60B3E8872322FAB300C1F970 /* I Have More Money ThanUITests */,
				60B3E8662322FAB200C1F970 /* Products */,
			);
			sourceTree = "<group>";
		};
		60B3E8662322FAB200C1F970 /* Products */ = {
			isa = PBXGroup;
			children = (
				60B3E8652322FAB200C1F970 /* I Have More Money Than.app */,
				60B3E8792322FAB300C1F970 /* I Have More Money ThanTests.xctest */,
				60B3E8842322FAB300C1F970 /* I Have More Money ThanUITests.xctest */,
			);
			name = Products;
			sourceTree = "<group>";
		};
		60B3E8672322FAB200C1F970 /* I Have More Money Than */ = {
			isa = PBXGroup;
			children = (
				60B3E8682322FAB200C1F970 /* AppDelegate.swift */,
				60B3E86F2322FAB300C1F970 /* Assets.xcassets */,
				60B3E8712322FAB300C1F970 /* LaunchScreen.storyboard */,
				60B3E8742322FAB300C1F970 /* Info.plist */,
				60B3E898232301D200C1F970 /* Models */,
				60B3E897232301CE00C1F970 /* Views */,
				60B3E896232301C600C1F970 /* Controllers */,
			);
			path = "I Have More Money Than";
			sourceTree = "<group>";
		};
		60B3E87C2322FAB300C1F970 /* I Have More Money ThanTests */ = {
			isa = PBXGroup;
			children = (
				60B3E87D2322FAB300C1F970 /* I_Have_More_Money_ThanTests.swift */,
				60B3E87F2322FAB300C1F970 /* Info.plist */,
			);
			path = "I Have More Money ThanTests";
			sourceTree = "<group>";
		};
		60B3E8872322FAB300C1F970 /* I Have More Money ThanUITests */ = {
			isa = PBXGroup;
			children = (
				60B3E8882322FAB300C1F970 /* I_Have_More_Money_ThanUITests.swift */,
				60B3E88A2322FAB300C1F970 /* Info.plist */,
			);
			path = "I Have More Money ThanUITests";
			sourceTree = "<group>";
		};
		60B3E896232301C600C1F970 /* Controllers */ = {
			isa = PBXGroup;
			children = (
				60B3E86A2322FAB200C1F970 /* HomeViewController.swift */,
			);
			path = Controllers;
			sourceTree = "<group>";
		};
		60B3E897232301CE00C1F970 /* Views */ = {
			isa = PBXGroup;
			children = (
				60B3E899232301F200C1F970 /* Cells */,
			);
			path = Views;
			sourceTree = "<group>";
		};
		60B3E898232301D200C1F970 /* Models */ = {
			isa = PBXGroup;
			children = (
				60B3E89E2323075800C1F970 /* Account.swift */,
			);
			path = Models;
			sourceTree = "<group>";
		};
		60B3E899232301F200C1F970 /* Cells */ = {
			isa = PBXGroup;
			children = (
				60B3E89A2323020200C1F970 /* BaseCell.swift */,
				60B3E89C232302AB00C1F970 /* AccountCell.swift */,
			);
			path = Cells;
			sourceTree = "<group>";
		};
/* End PBXGroup section */

/* Begin PBXNativeTarget section */
		60B3E8642322FAB200C1F970 /* I Have More Money Than */ = {
			isa = PBXNativeTarget;
			buildConfigurationList = 60B3E88D2322FAB300C1F970 /* Build configuration list for PBXNativeTarget "I Have More Money Than" */;
			buildPhases = (
				60B3E8612322FAB200C1F970 /* Sources */,
				60B3E8622322FAB200C1F970 /* Frameworks */,
				60B3E8632322FAB200C1F970 /* Resources */,
			);
			buildRules = (
			);
			dependencies = (
			);
			name = "I Have More Money Than";
			productName = "I Have More Money Than";
			productReference = 60B3E8652322FAB200C1F970 /* I Have More Money Than.app */;
			productType = "com.apple.product-type.application";
		};
		60B3E8782322FAB300C1F970 /* I Have More Money ThanTests */ = {
			isa = PBXNativeTarget;
			buildConfigurationList = 60B3E8902322FAB300C1F970 /* Build configuration list for PBXNativeTarget "I Have More Money ThanTests" */;
			buildPhases = (
				60B3E8752322FAB300C1F970 /* Sources */,
				60B3E8762322FAB300C1F970 /* Frameworks */,
				60B3E8772322FAB300C1F970 /* Resources */,
			);
			buildRules = (
			);
			dependencies = (
				60B3E87B2322FAB300C1F970 /* PBXTargetDependency */,
			);
			name = "I Have More Money ThanTests";
			productName = "I Have More Money ThanTests";
			productReference = 60B3E8792322FAB300C1F970 /* I Have More Money ThanTests.xctest */;
			productType = "com.apple.product-type.bundle.unit-test";
		};
		60B3E8832322FAB300C1F970 /* I Have More Money ThanUITests */ = {
			isa = PBXNativeTarget;
			buildConfigurationList = 60B3E8932322FAB300C1F970 /* Build configuration list for PBXNativeTarget "I Have More Money ThanUITests" */;
			buildPhases = (
				60B3E8802322FAB300C1F970 /* Sources */,
				60B3E8812322FAB300C1F970 /* Frameworks */,
				60B3E8822322FAB300C1F970 /* Resources */,
			);
			buildRules = (
			);
			dependencies = (
				60B3E8862322FAB300C1F970 /* PBXTargetDependency */,
			);
			name = "I Have More Money ThanUITests";
			productName = "I Have More Money ThanUITests";
			productReference = 60B3E8842322FAB300C1F970 /* I Have More Money ThanUITests.xctest */;
			productType = "com.apple.product-type.bundle.ui-testing";
		};
/* End PBXNativeTarget section */

/* Begin PBXProject section */
		60B3E85D2322FAB200C1F970 /* Project object */ = {
			isa = PBXProject;
			attributes = {
				LastSwiftUpdateCheck = 1030;
				LastUpgradeCheck = 1030;
				ORGANIZATIONNAME = "Scott Clampet";
				TargetAttributes = {
					60B3E8642322FAB200C1F970 = {
						CreatedOnToolsVersion = 10.3;
					};
					60B3E8782322FAB300C1F970 = {
						CreatedOnToolsVersion = 10.3;
						TestTargetID = 60B3E8642322FAB200C1F970;
					};
					60B3E8832322FAB300C1F970 = {
						CreatedOnToolsVersion = 10.3;
						TestTargetID = 60B3E8642322FAB200C1F970;
					};
				};
			};
			buildConfigurationList = 60B3E8602322FAB200C1F970 /* Build configuration list for PBXProject "I Have More Money Than" */;
			compatibilityVersion = "Xcode 9.3";
			developmentRegion = en;
			hasScannedForEncodings = 0;
			knownRegions = (
				en,
				Base,
			);
			mainGroup = 60B3E85C2322FAB200C1F970;
			productRefGroup = 60B3E8662322FAB200C1F970 /* Products */;
			projectDirPath = "";
			projectRoot = "";
			targets = (
				60B3E8642322FAB200C1F970 /* I Have More Money Than */,
				60B3E8782322FAB300C1F970 /* I Have More Money ThanTests */,
				60B3E8832322FAB300C1F970 /* I Have More Money ThanUITests */,
			);
		};
/* End PBXProject section */

/* Begin PBXResourcesBuildPhase section */
		60B3E8632322FAB200C1F970 /* Resources */ = {
			isa = PBXResourcesBuildPhase;
			buildActionMask = 2147483647;
			files = (
				60B3E8732322FAB300C1F970 /* LaunchScreen.storyboard in Resources */,
				60B3E8702322FAB300C1F970 /* Assets.xcassets in Resources */,
			);
			runOnlyForDeploymentPostprocessing = 0;
		};
		60B3E8772322FAB300C1F970 /* Resources */ = {
			isa = PBXResourcesBuildPhase;
			buildActionMask = 2147483647;
			files = (
			);
			runOnlyForDeploymentPostprocessing = 0;
		};
		60B3E8822322FAB300C1F970 /* Resources */ = {
			isa = PBXResourcesBuildPhase;
			buildActionMask = 2147483647;
			files = (
			);
			runOnlyForDeploymentPostprocessing = 0;
		};
/* End PBXResourcesBuildPhase section */

/* Begin PBXSourcesBuildPhase section */
		60B3E8612322FAB200C1F970 /* Sources */ = {
			isa = PBXSourcesBuildPhase;
			buildActionMask = 2147483647;
			files = (
				60B3E89F2323075800C1F970 /* Account.swift in Sources */,
				60B3E86B2322FAB200C1F970 /* HomeViewController.swift in Sources */,
				60B3E89D232302AB00C1F970 /* AccountCell.swift in Sources */,
				60B3E89B2323020200C1F970 /* BaseCell.swift in Sources */,
				60B3E8692322FAB200C1F970 /* AppDelegate.swift in Sources */,
			);
			runOnlyForDeploymentPostprocessing = 0;
		};
		60B3E8752322FAB300C1F970 /* Sources */ = {
			isa = PBXSourcesBuildPhase;
			buildActionMask = 2147483647;
			files = (
				60B3E87E2322FAB300C1F970 /* I_Have_More_Money_ThanTests.swift in Sources */,
			);
			runOnlyForDeploymentPostprocessing = 0;
		};
		60B3E8802322FAB300C1F970 /* Sources */ = {
			isa = PBXSourcesBuildPhase;
			buildActionMask = 2147483647;
			files = (
				60B3E8892322FAB300C1F970 /* I_Have_More_Money_ThanUITests.swift in Sources */,
			);
			runOnlyForDeploymentPostprocessing = 0;
		};
/* End PBXSourcesBuildPhase section */

/* Begin PBXTargetDependency section */
		60B3E87B2322FAB300C1F970 /* PBXTargetDependency */ = {
			isa = PBXTargetDependency;
			target = 60B3E8642322FAB200C1F970 /* I Have More Money Than */;
			targetProxy = 60B3E87A2322FAB300C1F970 /* PBXContainerItemProxy */;
		};
		60B3E8862322FAB300C1F970 /* PBXTargetDependency */ = {
			isa = PBXTargetDependency;
			target = 60B3E8642322FAB200C1F970 /* I Have More Money Than */;
			targetProxy = 60B3E8852322FAB300C1F970 /* PBXContainerItemProxy */;
		};
/* End PBXTargetDependency section */

/* Begin PBXVariantGroup section */
		60B3E8712322FAB300C1F970 /* LaunchScreen.storyboard */ = {
			isa = PBXVariantGroup;
			children = (
				60B3E8722322FAB300C1F970 /* Base */,
			);
			name = LaunchScreen.storyboard;
			sourceTree = "<group>";
		};
/* End PBXVariantGroup section */

/* Begin XCBuildConfiguration section */
		60B3E88B2322FAB300C1F970 /* Debug */ = {
			isa = XCBuildConfiguration;
			buildSettings = {
				ALWAYS_SEARCH_USER_PATHS = NO;
				CLANG_ANALYZER_NONNULL = YES;
				CLANG_ANALYZER_NUMBER_OBJECT_CONVERSION = YES_AGGRESSIVE;
				CLANG_CXX_LANGUAGE_STANDARD = "gnu++14";
				CLANG_CXX_LIBRARY = "libc++";
				CLANG_ENABLE_MODULES = YES;
				CLANG_ENABLE_OBJC_ARC = YES;
				CLANG_ENABLE_OBJC_WEAK = YES;
				CLANG_WARN_BLOCK_CAPTURE_AUTORELEASING = YES;
				CLANG_WARN_BOOL_CONVERSION = YES;
				CLANG_WARN_COMMA = YES;
				CLANG_WARN_CONSTANT_CONVERSION = YES;
				CLANG_WARN_DEPRECATED_OBJC_IMPLEMENTATIONS = YES;
				CLANG_WARN_DIRECT_OBJC_ISA_USAGE = YES_ERROR;
				CLANG_WARN_DOCUMENTATION_COMMENTS = YES;
				CLANG_WARN_EMPTY_BODY = YES;
				CLANG_WARN_ENUM_CONVERSION = YES;
				CLANG_WARN_INFINITE_RECURSION = YES;
				CLANG_WARN_INT_CONVERSION = YES;
				CLANG_WARN_NON_LITERAL_NULL_CONVERSION = YES;
				CLANG_WARN_OBJC_IMPLICIT_RETAIN_SELF = YES;
				CLANG_WARN_OBJC_LITERAL_CONVERSION = YES;
				CLANG_WARN_OBJC_ROOT_CLASS = YES_ERROR;
				CLANG_WARN_RANGE_LOOP_ANALYSIS = YES;
				CLANG_WARN_STRICT_PROTOTYPES = YES;
				CLANG_WARN_SUSPICIOUS_MOVE = YES;
				CLANG_WARN_UNGUARDED_AVAILABILITY = YES_AGGRESSIVE;
				CLANG_WARN_UNREACHABLE_CODE = YES;
				CLANG_WARN__DUPLICATE_METHOD_MATCH = YES;
				CODE_SIGN_IDENTITY = "iPhone Developer";
				COPY_PHASE_STRIP = NO;
				DEBUG_INFORMATION_FORMAT = dwarf;
				ENABLE_STRICT_OBJC_MSGSEND = YES;
				ENABLE_TESTABILITY = YES;
				GCC_C_LANGUAGE_STANDARD = gnu11;
				GCC_DYNAMIC_NO_PIC = NO;
				GCC_NO_COMMON_BLOCKS = YES;
				GCC_OPTIMIZATION_LEVEL = 0;
				GCC_PREPROCESSOR_DEFINITIONS = (
					"DEBUG=1",
					"$(inherited)",
				);
				GCC_WARN_64_TO_32_BIT_CONVERSION = YES;
				GCC_WARN_ABOUT_RETURN_TYPE = YES_ERROR;
				GCC_WARN_UNDECLARED_SELECTOR = YES;
				GCC_WARN_UNINITIALIZED_AUTOS = YES_AGGRESSIVE;
				GCC_WARN_UNUSED_FUNCTION = YES;
				GCC_WARN_UNUSED_VARIABLE = YES;
				IPHONEOS_DEPLOYMENT_TARGET = 12.4;
				MTL_ENABLE_DEBUG_INFO = INCLUDE_SOURCE;
				MTL_FAST_MATH = YES;
				ONLY_ACTIVE_ARCH = YES;
				SDKROOT = iphoneos;
				SWIFT_ACTIVE_COMPILATION_CONDITIONS = DEBUG;
				SWIFT_OPTIMIZATION_LEVEL = "-Onone";
			};
			name = Debug;
		};
		60B3E88C2322FAB300C1F970 /* Release */ = {
			isa = XCBuildConfiguration;
			buildSettings = {
				ALWAYS_SEARCH_USER_PATHS = NO;
				CLANG_ANALYZER_NONNULL = YES;
				CLANG_ANALYZER_NUMBER_OBJECT_CONVERSION = YES_AGGRESSIVE;
				CLANG_CXX_LANGUAGE_STANDARD = "gnu++14";
				CLANG_CXX_LIBRARY = "libc++";
				CLANG_ENABLE_MODULES = YES;
				CLANG_ENABLE_OBJC_ARC = YES;
				CLANG_ENABLE_OBJC_WEAK = YES;
				CLANG_WARN_BLOCK_CAPTURE_AUTORELEASING = YES;
				CLANG_WARN_BOOL_CONVERSION = YES;
				CLANG_WARN_COMMA = YES;
				CLANG_WARN_CONSTANT_CONVERSION = YES;
				CLANG_WARN_DEPRECATED_OBJC_IMPLEMENTATIONS = YES;
				CLANG_WARN_DIRECT_OBJC_ISA_USAGE = YES_ERROR;
				CLANG_WARN_DOCUMENTATION_COMMENTS = YES;
				CLANG_WARN_EMPTY_BODY = YES;
				CLANG_WARN_ENUM_CONVERSION = YES;
				CLANG_WARN_INFINITE_RECURSION = YES;
				CLANG_WARN_INT_CONVERSION = YES;
				CLANG_WARN_NON_LITERAL_NULL_CONVERSION = YES;
				CLANG_WARN_OBJC_IMPLICIT_RETAIN_SELF = YES;
				CLANG_WARN_OBJC_LITERAL_CONVERSION = YES;
				CLANG_WARN_OBJC_ROOT_CLASS = YES_ERROR;
				CLANG_WARN_RANGE_LOOP_ANALYSIS = YES;
				CLANG_WARN_STRICT_PROTOTYPES = YES;
				CLANG_WARN_SUSPICIOUS_MOVE = YES;
				CLANG_WARN_UNGUARDED_AVAILABILITY = YES_AGGRESSIVE;
				CLANG_WARN_UNREACHABLE_CODE = YES;
				CLANG_WARN__DUPLICATE_METHOD_MATCH = YES;
				CODE_SIGN_IDENTITY = "iPhone Developer";
				COPY_PHASE_STRIP = NO;
				DEBUG_INFORMATION_FORMAT = "dwarf-with-dsym";
				ENABLE_NS_ASSERTIONS = NO;
				ENABLE_STRICT_OBJC_MSGSEND = YES;
				GCC_C_LANGUAGE_STANDARD = gnu11;
				GCC_NO_COMMON_BLOCKS = YES;
				GCC_WARN_64_TO_32_BIT_CONVERSION = YES;
				GCC_WARN_ABOUT_RETURN_TYPE = YES_ERROR;
				GCC_WARN_UNDECLARED_SELECTOR = YES;
				GCC_WARN_UNINITIALIZED_AUTOS = YES_AGGRESSIVE;
				GCC_WARN_UNUSED_FUNCTION = YES;
				GCC_WARN_UNUSED_VARIABLE = YES;
				IPHONEOS_DEPLOYMENT_TARGET = 12.4;
				MTL_ENABLE_DEBUG_INFO = NO;
				MTL_FAST_MATH = YES;
				SDKROOT = iphoneos;
				SWIFT_COMPILATION_MODE = wholemodule;
				SWIFT_OPTIMIZATION_LEVEL = "-O";
				VALIDATE_PRODUCT = YES;
			};
			name = Release;
		};
		60B3E88E2322FAB300C1F970 /* Debug */ = {
			isa = XCBuildConfiguration;
			buildSettings = {
				ASSETCATALOG_COMPILER_APPICON_NAME = AppIcon;
				CODE_SIGN_STYLE = Automatic;
				DEVELOPMENT_TEAM = USHAX9R325;
				INFOPLIST_FILE = "I Have More Money Than/Info.plist";
				LD_RUNPATH_SEARCH_PATHS = (
					"$(inherited)",
					"@executable_path/Frameworks",
				);
				PRODUCT_BUNDLE_IDENTIFIER = "com.ScottClampet.I-Have-More-Money-Than";
				PRODUCT_NAME = "$(TARGET_NAME)";
				SWIFT_VERSION = 5.0;
				TARGETED_DEVICE_FAMILY = "1,2";
			};
			name = Debug;
		};
		60B3E88F2322FAB300C1F970 /* Release */ = {
			isa = XCBuildConfiguration;
			buildSettings = {
				ASSETCATALOG_COMPILER_APPICON_NAME = AppIcon;
				CODE_SIGN_STYLE = Automatic;
				DEVELOPMENT_TEAM = USHAX9R325;
				INFOPLIST_FILE = "I Have More Money Than/Info.plist";
				LD_RUNPATH_SEARCH_PATHS = (
					"$(inherited)",
					"@executable_path/Frameworks",
				);
				PRODUCT_BUNDLE_IDENTIFIER = "com.ScottClampet.I-Have-More-Money-Than";
				PRODUCT_NAME = "$(TARGET_NAME)";
				SWIFT_VERSION = 5.0;
				TARGETED_DEVICE_FAMILY = "1,2";
			};
			name = Release;
		};
		60B3E8912322FAB300C1F970 /* Debug */ = {
			isa = XCBuildConfiguration;
			buildSettings = {
				ALWAYS_EMBED_SWIFT_STANDARD_LIBRARIES = YES;
				BUNDLE_LOADER = "$(TEST_HOST)";
				CODE_SIGN_STYLE = Automatic;
				DEVELOPMENT_TEAM = USHAX9R325;
				INFOPLIST_FILE = "I Have More Money ThanTests/Info.plist";
				LD_RUNPATH_SEARCH_PATHS = (
					"$(inherited)",
					"@executable_path/Frameworks",
					"@loader_path/Frameworks",
				);
				PRODUCT_BUNDLE_IDENTIFIER = "com.ScottClampet.I-Have-More-Money-ThanTests";
				PRODUCT_NAME = "$(TARGET_NAME)";
				SWIFT_VERSION = 5.0;
				TARGETED_DEVICE_FAMILY = "1,2";
				TEST_HOST = "$(BUILT_PRODUCTS_DIR)/I Have More Money Than.app/I Have More Money Than";
			};
			name = Debug;
		};
		60B3E8922322FAB300C1F970 /* Release */ = {
			isa = XCBuildConfiguration;
			buildSettings = {
				ALWAYS_EMBED_SWIFT_STANDARD_LIBRARIES = YES;
				BUNDLE_LOADER = "$(TEST_HOST)";
				CODE_SIGN_STYLE = Automatic;
				DEVELOPMENT_TEAM = USHAX9R325;
				INFOPLIST_FILE = "I Have More Money ThanTests/Info.plist";
				LD_RUNPATH_SEARCH_PATHS = (
					"$(inherited)",
					"@executable_path/Frameworks",
					"@loader_path/Frameworks",
				);
				PRODUCT_BUNDLE_IDENTIFIER = "com.ScottClampet.I-Have-More-Money-ThanTests";
				PRODUCT_NAME = "$(TARGET_NAME)";
				SWIFT_VERSION = 5.0;
				TARGETED_DEVICE_FAMILY = "1,2";
				TEST_HOST = "$(BUILT_PRODUCTS_DIR)/I Have More Money Than.app/I Have More Money Than";
			};
			name = Release;
		};
		60B3E8942322FAB300C1F970 /* Debug */ = {
			isa = XCBuildConfiguration;
			buildSettings = {
				ALWAYS_EMBED_SWIFT_STANDARD_LIBRARIES = YES;
				CODE_SIGN_STYLE = Automatic;
				DEVELOPMENT_TEAM = USHAX9R325;
				INFOPLIST_FILE = "I Have More Money ThanUITests/Info.plist";
				LD_RUNPATH_SEARCH_PATHS = (
					"$(inherited)",
					"@executable_path/Frameworks",
					"@loader_path/Frameworks",
				);
				PRODUCT_BUNDLE_IDENTIFIER = "com.ScottClampet.I-Have-More-Money-ThanUITests";
				PRODUCT_NAME = "$(TARGET_NAME)";
				SWIFT_VERSION = 5.0;
				TARGETED_DEVICE_FAMILY = "1,2";
				TEST_TARGET_NAME = "I Have More Money Than";
			};
			name = Debug;
		};
		60B3E8952322FAB300C1F970 /* Release */ = {
			isa = XCBuildConfiguration;
			buildSettings = {
				ALWAYS_EMBED_SWIFT_STANDARD_LIBRARIES = YES;
				CODE_SIGN_STYLE = Automatic;
				DEVELOPMENT_TEAM = USHAX9R325;
				INFOPLIST_FILE = "I Have More Money ThanUITests/Info.plist";
				LD_RUNPATH_SEARCH_PATHS = (
					"$(inherited)",
					"@executable_path/Frameworks",
					"@loader_path/Frameworks",
				);
				PRODUCT_BUNDLE_IDENTIFIER = "com.ScottClampet.I-Have-More-Money-ThanUITests";
				PRODUCT_NAME = "$(TARGET_NAME)";
				SWIFT_VERSION = 5.0;
				TARGETED_DEVICE_FAMILY = "1,2";
				TEST_TARGET_NAME = "I Have More Money Than";
			};
			name = Release;
		};
/* End XCBuildConfiguration section */

/* Begin XCConfigurationList section */
		60B3E8602322FAB200C1F970 /* Build configuration list for PBXProject "I Have More Money Than" */ = {
			isa = XCConfigurationList;
			buildConfigurations = (
				60B3E88B2322FAB300C1F970 /* Debug */,
				60B3E88C2322FAB300C1F970 /* Release */,
			);
			defaultConfigurationIsVisible = 0;
			defaultConfigurationName = Release;
		};
		60B3E88D2322FAB300C1F970 /* Build configuration list for PBXNativeTarget "I Have More Money Than" */ = {
			isa = XCConfigurationList;
			buildConfigurations = (
				60B3E88E2322FAB300C1F970 /* Debug */,
				60B3E88F2322FAB300C1F970 /* Release */,
			);
			defaultConfigurationIsVisible = 0;
			defaultConfigurationName = Release;
		};
		60B3E8902322FAB300C1F970 /* Build configuration list for PBXNativeTarget "I Have More Money ThanTests" */ = {
			isa = XCConfigurationList;
			buildConfigurations = (
				60B3E8912322FAB300C1F970 /* Debug */,
				60B3E8922322FAB300C1F970 /* Release */,
			);
			defaultConfigurationIsVisible = 0;
			defaultConfigurationName = Release;
		};
		60B3E8932322FAB300C1F970 /* Build configuration list for PBXNativeTarget "I Have More Money ThanUITests" */ = {
			isa = XCConfigurationList;
			buildConfigurations = (
				60B3E8942322FAB300C1F970 /* Debug */,
				60B3E8952322FAB300C1F970 /* Release */,
			);
			defaultConfigurationIsVisible = 0;
			defaultConfigurationName = Release;
		};
/* End XCConfigurationList section */
	};
	rootObject = 60B3E85D2322FAB200C1F970 /* Project object */;
}
